# This file is autogenerated, do not edit; changes may be undone by the next 'dep ensure'.


[[projects]]
  name = "github.com/djherbis/atime"
  packages = ["."]
  revision = "8e47e0e01d08df8b9f840d74299c8ab70a024a30"
  version = "v1.0.0"

[solve-meta]
  analyzer-name = "dep"
  analyzer-version = 1
  inputs-digest = "a48601b8dae0efdaf0e3733b8d9c15b462b4976fedc09d3f3e7e159331ebf6cc"
  solver-name = "gps-cdcl"
  solver-version = 1
